# This file is generated by running "yarn install" inside your project.
# Manual changes might be lost - proceed with caution!

__metadata:
  version: 8
  cacheKey: 10c0

"@isaacs/cliui@npm:^8.0.2":
  version: 8.0.2
  resolution: "@isaacs/cliui@npm:8.0.2"
  dependencies:
    string-width: "npm:^5.1.2"
    string-width-cjs: "npm:string-width@^4.2.0"
    strip-ansi: "npm:^7.0.1"
    strip-ansi-cjs: "npm:strip-ansi@^6.0.1"
    wrap-ansi: "npm:^8.1.0"
    wrap-ansi-cjs: "npm:wrap-ansi@^7.0.0"
  checksum: 10c0/b1bf42535d49f11dc137f18d5e4e63a28c5569de438a221c369483731e9dac9fb797af554e8bf02b6192d1e5eba6e6402cf93900c3d0ac86391d00d04876789e
  languageName: node
  linkType: hard

"@julusian/freetype2@npm:^1.1.2":
  version: 1.2.0
  resolution: "@julusian/freetype2@npm:1.2.0"
  dependencies:
    node-addon-api: "npm:^6.1.0"
    node-gyp: "npm:^10.1.0"
    pkg-prebuilds: "npm:^1.0.0"
  checksum: 10c0/41ff948da6337700ccb20a5212f8eb38fc7f218679057c8badccb5d16f00c9a3778058ecac3d659aaaa6d57e7b42596e37c84c7ade6b38393416aed10e82c738
  languageName: node
  linkType: hard

"@npmcli/agent@npm:^2.0.0":
  version: 2.2.2
  resolution: "@npmcli/agent@npm:2.2.2"
  dependencies:
    agent-base: "npm:^7.1.0"
    http-proxy-agent: "npm:^7.0.0"
    https-proxy-agent: "npm:^7.0.1"
    lru-cache: "npm:^10.0.1"
    socks-proxy-agent: "npm:^8.0.3"
  checksum: 10c0/325e0db7b287d4154ecd164c0815c08007abfb07653cc57bceded17bb7fd240998a3cbdbe87d700e30bef494885eccc725ab73b668020811d56623d145b524ae
  languageName: node
  linkType: hard

"@npmcli/fs@npm:^3.1.0":
  version: 3.1.1
  resolution: "@npmcli/fs@npm:3.1.1"
  dependencies:
    semver: "npm:^7.3.5"
  checksum: 10c0/c37a5b4842bfdece3d14dfdb054f73fe15ed2d3da61b34ff76629fb5b1731647c49166fd2a8bf8b56fcfa51200382385ea8909a3cbecdad612310c114d3f6c99
  languageName: node
  linkType: hard

"@pkgjs/parseargs@npm:^0.11.0":
  version: 0.11.0
  resolution: "@pkgjs/parseargs@npm:0.11.0"
  checksum: 10c0/5bd7576bb1b38a47a7fc7b51ac9f38748e772beebc56200450c4a817d712232b8f1d3ef70532c80840243c657d491cf6a6be1e3a214cff907645819fdc34aadd
  languageName: node
  linkType: hard

"@types/node@npm:^22.13.8":
  version: 22.13.8
  resolution: "@types/node@npm:22.13.8"
  dependencies:
    undici-types: "npm:~6.20.0"
  checksum: 10c0/bfc92b734a9dce6ac5daee0a52feccdf5dcb3804d895e4bc5384e2f4644612b8801725cd03c8c3c0888fb5eeb16b875877ac44b77641e0196dc1a837b1c2a366
  languageName: node
  linkType: hard

"abbrev@npm:^2.0.0":
  version: 2.0.0
  resolution: "abbrev@npm:2.0.0"
  checksum: 10c0/f742a5a107473946f426c691c08daba61a1d15942616f300b5d32fd735be88fef5cba24201757b6c407fd564555fb48c751cfa33519b2605c8a7aadd22baf372
  languageName: node
  linkType: hard

"agent-base@npm:^7.0.2, agent-base@npm:^7.1.0, agent-base@npm:^7.1.1":
  version: 7.1.1
  resolution: "agent-base@npm:7.1.1"
  dependencies:
    debug: "npm:^4.3.4"
  checksum: 10c0/e59ce7bed9c63bf071a30cc471f2933862044c97fd9958967bfe22521d7a0f601ce4ed5a8c011799d0c726ca70312142ae193bbebb60f576b52be19d4a363b50
  languageName: node
  linkType: hard

"aggregate-error@npm:^3.0.0":
  version: 3.1.0
  resolution: "aggregate-error@npm:3.1.0"
  dependencies:
    clean-stack: "npm:^2.0.0"
    indent-string: "npm:^4.0.0"
  checksum: 10c0/a42f67faa79e3e6687a4923050e7c9807db3848a037076f791d10e092677d65c1d2d863b7848560699f40fc0502c19f40963fb1cd1fb3d338a7423df8e45e039
  languageName: node
  linkType: hard

"alawmulaw@npm:^5.0.2":
  version: 5.0.2
  resolution: "alawmulaw@npm:5.0.2"
  checksum: 10c0/97f3a4e8462479c1078351d081a19b47139a180d4026515e452595422d351b1c0eea29daec268e44d5d2d27535a3fc3d0d5866f9bd78c89076497b5be49a85bb
  languageName: node
  linkType: hard

"ansi-regex@npm:^5.0.1":
  version: 5.0.1
  resolution: "ansi-regex@npm:5.0.1"
  checksum: 10c0/9a64bb8627b434ba9327b60c027742e5d17ac69277960d041898596271d992d4d52ba7267a63ca10232e29f6107fc8a835f6ce8d719b88c5f8493f8254813737
  languageName: node
  linkType: hard

"ansi-regex@npm:^6.0.1":
  version: 6.1.0
  resolution: "ansi-regex@npm:6.1.0"
  checksum: 10c0/a91daeddd54746338478eef88af3439a7edf30f8e23196e2d6ed182da9add559c601266dbef01c2efa46a958ad6f1f8b176799657616c702b5b02e799e7fd8dc
  languageName: node
  linkType: hard

"ansi-styles@npm:^4.0.0":
  version: 4.3.0
  resolution: "ansi-styles@npm:4.3.0"
  dependencies:
    color-convert: "npm:^2.0.1"
  checksum: 10c0/895a23929da416f2bd3de7e9cb4eabd340949328ab85ddd6e484a637d8f6820d485f53933446f5291c3b760cbc488beb8e88573dd0f9c7daf83dccc8fe81b041
  languageName: node
  linkType: hard

"ansi-styles@npm:^6.1.0":
  version: 6.2.1
  resolution: "ansi-styles@npm:6.2.1"
  checksum: 10c0/5d1ec38c123984bcedd996eac680d548f31828bd679a66db2bdf11844634dde55fec3efa9c6bb1d89056a5e79c1ac540c4c784d592ea1d25028a92227d2f2d5c
  languageName: node
  linkType: hard

"atem-connection@npm:~3.5.0":
  version: 3.5.0
  resolution: "atem-connection@npm:3.5.0"
  dependencies:
    "@julusian/freetype2": "npm:^1.1.2"
    debug: "npm:^4.3.4"
    eventemitter3: "npm:^4.0.7"
    exit-hook: "npm:^2.2.1"
    nanotimer: "npm:^0.3.15"
    p-lazy: "npm:^3.1.0"
    p-queue: "npm:^6.6.2"
    threadedclass: "npm:^1.2.1"
    tslib: "npm:^2.6.2"
    wavefile: "npm:^8.4.6"
  checksum: 10c0/43283a726aa06c3a40781c982f0ff74901d2d0e18c7e4dca53bb49c4734f0b3116b6ebec5709aae80414d5e775892fc3ebb55dab58baf64ef7daaf443d28649b
  languageName: node
  linkType: hard

"balanced-match@npm:^1.0.0":
  version: 1.0.2
  resolution: "balanced-match@npm:1.0.2"
  checksum: 10c0/9308baf0a7e4838a82bbfd11e01b1cb0f0cf2893bc1676c27c2a8c0e70cbae1c59120c3268517a8ae7fb6376b4639ef81ca22582611dbee4ed28df945134aaee
  languageName: node
  linkType: hard

"base64-arraybuffer-es6@npm:^0.3.1":
  version: 0.3.1
  resolution: "base64-arraybuffer-es6@npm:0.3.1"
  checksum: 10c0/b12b35a00094a13009e76d62dd142e8bafa9ec99402ed14a7b713fcedf33c90f6cf8077151ac5309ff7c8fd0b88779d24c6ae9f49848335b543dc2e7053b49ea
  languageName: node
  linkType: hard

"bitdepth@npm:^7.0.2":
  version: 7.0.2
  resolution: "bitdepth@npm:7.0.2"
  checksum: 10c0/bb65d05929d62016e565cfa8e08e12e2b1e26f85a685b25c434d2b0f108853c9d9efdf7e68f0e5c85a5a8c2b40ad3259e1c72e79f2b4076d1a45678123af06db
  languageName: node
  linkType: hard

"brace-expansion@npm:^2.0.1":
  version: 2.0.1
  resolution: "brace-expansion@npm:2.0.1"
  dependencies:
    balanced-match: "npm:^1.0.0"
  checksum: 10c0/b358f2fe060e2d7a87aa015979ecea07f3c37d4018f8d6deb5bd4c229ad3a0384fe6029bb76cd8be63c81e516ee52d1a0673edbe2023d53a5191732ae3c3e49f
  languageName: node
  linkType: hard

"byte-data@npm:^16.0.3":
  version: 16.0.3
  resolution: "byte-data@npm:16.0.3"
  dependencies:
    endianness: "npm:^8.0.2"
    ieee754-buffer: "npm:^0.2.1"
    twos-complement-buffer: "npm:0.0.1"
    uint-buffer: "npm:^0.1.0"
    utf8-buffer: "npm:^0.2.0"
  checksum: 10c0/52963ac32d86faaf8245568a44cd114c9f1d5d48fc7e5371c90f8c07e58a1d24ab62964f74bfe54a894159c43eb489bcfc2b0827e9a13bac8b5469a68e9beb41
  languageName: node
  linkType: hard

"cacache@npm:^18.0.0":
  version: 18.0.4
  resolution: "cacache@npm:18.0.4"
  dependencies:
    "@npmcli/fs": "npm:^3.1.0"
    fs-minipass: "npm:^3.0.0"
    glob: "npm:^10.2.2"
    lru-cache: "npm:^10.0.1"
    minipass: "npm:^7.0.3"
    minipass-collect: "npm:^2.0.1"
    minipass-flush: "npm:^1.0.5"
    minipass-pipeline: "npm:^1.2.4"
    p-map: "npm:^4.0.0"
    ssri: "npm:^10.0.0"
    tar: "npm:^6.1.11"
    unique-filename: "npm:^3.0.0"
  checksum: 10c0/6c055bafed9de4f3dcc64ac3dc7dd24e863210902b7c470eb9ce55a806309b3efff78033e3d8b4f7dcc5d467f2db43c6a2857aaaf26f0094b8a351d44c42179f
  languageName: node
  linkType: hard

"callsites@npm:^3.1.0":
  version: 3.1.0
  resolution: "callsites@npm:3.1.0"
  checksum: 10c0/fff92277400eb06c3079f9e74f3af120db9f8ea03bad0e84d9aede54bbe2d44a56cccb5f6cf12211f93f52306df87077ecec5b712794c5a9b5dac6d615a3f301
  languageName: node
  linkType: hard

"chownr@npm:^2.0.0":
  version: 2.0.0
  resolution: "chownr@npm:2.0.0"
  checksum: 10c0/594754e1303672171cc04e50f6c398ae16128eb134a88f801bf5354fd96f205320f23536a045d9abd8b51024a149696e51231565891d4efdab8846021ecf88e6
  languageName: node
  linkType: hard

"clean-stack@npm:^2.0.0":
  version: 2.2.0
  resolution: "clean-stack@npm:2.2.0"
  checksum: 10c0/1f90262d5f6230a17e27d0c190b09d47ebe7efdd76a03b5a1127863f7b3c9aec4c3e6c8bb3a7bbf81d553d56a1fd35728f5a8ef4c63f867ac8d690109742a8c1
  languageName: node
  linkType: hard

"cliui@npm:^8.0.1":
  version: 8.0.1
  resolution: "cliui@npm:8.0.1"
  dependencies:
    string-width: "npm:^4.2.0"
    strip-ansi: "npm:^6.0.1"
    wrap-ansi: "npm:^7.0.0"
  checksum: 10c0/4bda0f09c340cbb6dfdc1ed508b3ca080f12992c18d68c6be4d9cf51756033d5266e61ec57529e610dacbf4da1c634423b0c1b11037709cc6b09045cbd815df5
  languageName: node
  linkType: hard

"color-convert@npm:^2.0.1":
  version: 2.0.1
  resolution: "color-convert@npm:2.0.1"
  dependencies:
    color-name: "npm:~1.1.4"
  checksum: 10c0/37e1150172f2e311fe1b2df62c6293a342ee7380da7b9cfdba67ea539909afbd74da27033208d01d6d5cfc65ee7868a22e18d7e7648e004425441c0f8a15a7d7
  languageName: node
  linkType: hard

"color-name@npm:~1.1.4":
  version: 1.1.4
  resolution: "color-name@npm:1.1.4"
  checksum: 10c0/a1a3f914156960902f46f7f56bc62effc6c94e84b2cae157a526b1c1f74b677a47ec602bf68a61abfa2b42d15b7c5651c6dbe72a43af720bc588dff885b10f95
  languageName: node
  linkType: hard

"cross-spawn@npm:^7.0.0":
  version: 7.0.3
  resolution: "cross-spawn@npm:7.0.3"
  dependencies:
    path-key: "npm:^3.1.0"
    shebang-command: "npm:^2.0.0"
    which: "npm:^2.0.1"
  checksum: 10c0/5738c312387081c98d69c98e105b6327b069197f864a60593245d64c8089c8a0a744e16349281210d56835bb9274130d825a78b2ad6853ca13cfbeffc0c31750
  languageName: node
  linkType: hard

"debug@npm:4":
  version: 4.3.7
  resolution: "debug@npm:4.3.7"
  dependencies:
    ms: "npm:^2.1.3"
  peerDependenciesMeta:
    supports-color:
      optional: true
  checksum: 10c0/1471db19c3b06d485a622d62f65947a19a23fbd0dd73f7fd3eafb697eec5360cde447fb075919987899b1a2096e85d35d4eb5a4de09a57600ac9cf7e6c8e768b
  languageName: node
  linkType: hard

"debug@npm:^4.3.4":
  version: 4.3.4
  resolution: "debug@npm:4.3.4"
  dependencies:
    ms: "npm:2.1.2"
  peerDependenciesMeta:
    supports-color:
      optional: true
  checksum: 10c0/cedbec45298dd5c501d01b92b119cd3faebe5438c3917ff11ae1bff86a6c722930ac9c8659792824013168ba6db7c4668225d845c633fbdafbbf902a6389f736
  languageName: node
  linkType: hard

"eastasianwidth@npm:^0.2.0":
  version: 0.2.0
  resolution: "eastasianwidth@npm:0.2.0"
  checksum: 10c0/26f364ebcdb6395f95124fda411f63137a4bfb5d3a06453f7f23dfe52502905bd84e0488172e0f9ec295fdc45f05c23d5d91baf16bd26f0fe9acd777a188dc39
  languageName: node
  linkType: hard

"emoji-regex@npm:^8.0.0":
  version: 8.0.0
  resolution: "emoji-regex@npm:8.0.0"
  checksum: 10c0/b6053ad39951c4cf338f9092d7bfba448cdfd46fe6a2a034700b149ac9ffbc137e361cbd3c442297f86bed2e5f7576c1b54cc0a6bf8ef5106cc62f496af35010
  languageName: node
  linkType: hard

"emoji-regex@npm:^9.2.2":
  version: 9.2.2
  resolution: "emoji-regex@npm:9.2.2"
  checksum: 10c0/af014e759a72064cf66e6e694a7fc6b0ed3d8db680427b021a89727689671cefe9d04151b2cad51dbaf85d5ba790d061cd167f1cf32eb7b281f6368b3c181639
  languageName: node
  linkType: hard

"encoding@npm:^0.1.13":
  version: 0.1.13
  resolution: "encoding@npm:0.1.13"
  dependencies:
    iconv-lite: "npm:^0.6.2"
  checksum: 10c0/36d938712ff00fe1f4bac88b43bcffb5930c1efa57bbcdca9d67e1d9d6c57cfb1200fb01efe0f3109b2ce99b231f90779532814a81370a1bd3274a0f58585039
  languageName: node
  linkType: hard

"endianness@npm:^8.0.2":
  version: 8.0.2
  resolution: "endianness@npm:8.0.2"
  checksum: 10c0/fa9fa8f115aec8c5943cca772dea1d2371ed1e7a9e0a3efcbe48a6cd207c9de68506629e4234c274275d1469ef031a7fec3662385f1efd1ca432229b239a41dd
  languageName: node
  linkType: hard

"env-paths@npm:^2.2.0":
  version: 2.2.1
  resolution: "env-paths@npm:2.2.1"
  checksum: 10c0/285325677bf00e30845e330eec32894f5105529db97496ee3f598478e50f008c5352a41a30e5e72ec9de8a542b5a570b85699cd63bd2bc646dbcb9f311d83bc4
  languageName: node
  linkType: hard

"err-code@npm:^2.0.2":
  version: 2.0.3
  resolution: "err-code@npm:2.0.3"
  checksum: 10c0/b642f7b4dd4a376e954947550a3065a9ece6733ab8e51ad80db727aaae0817c2e99b02a97a3d6cecc648a97848305e728289cf312d09af395403a90c9d4d8a66
  languageName: node
  linkType: hard

"escalade@npm:^3.1.1":
  version: 3.1.2
  resolution: "escalade@npm:3.1.2"
  checksum: 10c0/6b4adafecd0682f3aa1cd1106b8fff30e492c7015b178bc81b2d2f75106dabea6c6d6e8508fc491bd58e597c74abb0e8e2368f943ecb9393d4162e3c2f3cf287
  languageName: node
  linkType: hard

"eventemitter3@npm:^4.0.4, eventemitter3@npm:^4.0.7":
  version: 4.0.7
  resolution: "eventemitter3@npm:4.0.7"
  checksum: 10c0/5f6d97cbcbac47be798e6355e3a7639a84ee1f7d9b199a07017f1d2f1e2fe236004d14fa5dfaeba661f94ea57805385e326236a6debbc7145c8877fbc0297c6b
  languageName: node
  linkType: hard

"exit-hook@npm:^2.2.1":
  version: 2.2.1
  resolution: "exit-hook@npm:2.2.1"
  checksum: 10c0/0803726d1b60aade6afd10c73e5a7e1bf256ac9bee78362a88e91a4f735e8c67899f2853ddc613072c05af07bbb067a9978a740e614db1aeef167d50c6dc5c09
  languageName: node
  linkType: hard

"exponential-backoff@npm:^3.1.1":
  version: 3.1.1
  resolution: "exponential-backoff@npm:3.1.1"
  checksum: 10c0/160456d2d647e6019640bd07111634d8c353038d9fa40176afb7cd49b0548bdae83b56d05e907c2cce2300b81cae35d800ef92fefb9d0208e190fa3b7d6bb579
  languageName: node
  linkType: hard

"foreground-child@npm:^3.1.0":
  version: 3.3.0
  resolution: "foreground-child@npm:3.3.0"
  dependencies:
    cross-spawn: "npm:^7.0.0"
    signal-exit: "npm:^4.0.1"
  checksum: 10c0/028f1d41000553fcfa6c4bb5c372963bf3d9bf0b1f25a87d1a6253014343fb69dfb1b42d9625d7cf44c8ba429940f3d0ff718b62105d4d4a4f6ef8ca0a53faa2
  languageName: node
  linkType: hard

"fs-minipass@npm:^2.0.0":
  version: 2.1.0
  resolution: "fs-minipass@npm:2.1.0"
  dependencies:
    minipass: "npm:^3.0.0"
  checksum: 10c0/703d16522b8282d7299337539c3ed6edddd1afe82435e4f5b76e34a79cd74e488a8a0e26a636afc2440e1a23b03878e2122e3a2cfe375a5cf63c37d92b86a004
  languageName: node
  linkType: hard

"fs-minipass@npm:^3.0.0":
  version: 3.0.3
  resolution: "fs-minipass@npm:3.0.3"
  dependencies:
    minipass: "npm:^7.0.3"
  checksum: 10c0/63e80da2ff9b621e2cb1596abcb9207f1cf82b968b116ccd7b959e3323144cce7fb141462200971c38bbf2ecca51695069db45265705bed09a7cd93ae5b89f94
  languageName: node
  linkType: hard

"get-caller-file@npm:^2.0.5":
  version: 2.0.5
  resolution: "get-caller-file@npm:2.0.5"
  checksum: 10c0/c6c7b60271931fa752aeb92f2b47e355eac1af3a2673f47c9589e8f8a41adc74d45551c1bc57b5e66a80609f10ffb72b6f575e4370d61cc3f7f3aaff01757cde
  languageName: node
  linkType: hard

"glob@npm:^10.2.2, glob@npm:^10.3.10":
  version: 10.4.5
  resolution: "glob@npm:10.4.5"
  dependencies:
    foreground-child: "npm:^3.1.0"
    jackspeak: "npm:^3.1.2"
    minimatch: "npm:^9.0.4"
    minipass: "npm:^7.1.2"
    package-json-from-dist: "npm:^1.0.0"
    path-scurry: "npm:^1.11.1"
  bin:
    glob: dist/esm/bin.mjs
  checksum: 10c0/19a9759ea77b8e3ca0a43c2f07ecddc2ad46216b786bb8f993c445aee80d345925a21e5280c7b7c6c59e860a0154b84e4b2b60321fea92cd3c56b4a7489f160e
  languageName: node
  linkType: hard

"graceful-fs@npm:^4.2.6":
  version: 4.2.11
  resolution: "graceful-fs@npm:4.2.11"
  checksum: 10c0/386d011a553e02bc594ac2ca0bd6d9e4c22d7fa8cfbfc448a6d148c59ea881b092db9dbe3547ae4b88e55f1b01f7c4a2ecc53b310c042793e63aa44cf6c257f2
  languageName: node
  linkType: hard

"http-cache-semantics@npm:^4.1.1":
  version: 4.1.1
  resolution: "http-cache-semantics@npm:4.1.1"
  checksum: 10c0/ce1319b8a382eb3cbb4a37c19f6bfe14e5bb5be3d09079e885e8c513ab2d3cd9214902f8a31c9dc4e37022633ceabfc2d697405deeaf1b8f3552bb4ed996fdfc
  languageName: node
  linkType: hard

"http-proxy-agent@npm:^7.0.0":
  version: 7.0.2
  resolution: "http-proxy-agent@npm:7.0.2"
  dependencies:
    agent-base: "npm:^7.1.0"
    debug: "npm:^4.3.4"
  checksum: 10c0/4207b06a4580fb85dd6dff521f0abf6db517489e70863dca1a0291daa7f2d3d2d6015a57bd702af068ea5cf9f1f6ff72314f5f5b4228d299c0904135d2aef921
  languageName: node
  linkType: hard

"https-proxy-agent@npm:^7.0.1":
  version: 7.0.5
  resolution: "https-proxy-agent@npm:7.0.5"
  dependencies:
    agent-base: "npm:^7.0.2"
    debug: "npm:4"
  checksum: 10c0/2490e3acec397abeb88807db52cac59102d5ed758feee6df6112ab3ccd8325e8a1ce8bce6f4b66e5470eca102d31e425ace904242e4fa28dbe0c59c4bafa7b2c
  languageName: node
  linkType: hard

"iconv-lite@npm:^0.6.2":
  version: 0.6.3
  resolution: "iconv-lite@npm:0.6.3"
  dependencies:
    safer-buffer: "npm:>= 2.1.2 < 3.0.0"
  checksum: 10c0/98102bc66b33fcf5ac044099d1257ba0b7ad5e3ccd3221f34dd508ab4070edff183276221684e1e0555b145fce0850c9f7d2b60a9fcac50fbb4ea0d6e845a3b1
  languageName: node
  linkType: hard

"ieee754-buffer@npm:^0.2.1":
  version: 0.2.1
  resolution: "ieee754-buffer@npm:0.2.1"
  checksum: 10c0/57f919b15e079f298756d74989d042a50578c065755a9522c745355a49f7a84737646f9d49c61594b98e0c657f8dd6791c8169e0a7ca750ad9c6c0a49b107fc4
  languageName: node
  linkType: hard

"imaadpcm@npm:^4.1.2":
  version: 4.1.2
  resolution: "imaadpcm@npm:4.1.2"
  checksum: 10c0/3c9b90fe5a2668ec3f4315131904556260f0d7b24a4b1bcf703e23a9489b2a5e399dd23c0e36976a14edd0bbd52bc14ff449a41446fc560e93147559a78a3a32
  languageName: node
  linkType: hard

"imurmurhash@npm:^0.1.4":
  version: 0.1.4
  resolution: "imurmurhash@npm:0.1.4"
  checksum: 10c0/8b51313850dd33605c6c9d3fd9638b714f4c4c40250cff658209f30d40da60f78992fb2df5dabee4acf589a6a82bbc79ad5486550754bd9ec4e3fc0d4a57d6a6
  languageName: node
  linkType: hard

"indent-string@npm:^4.0.0":
  version: 4.0.0
  resolution: "indent-string@npm:4.0.0"
  checksum: 10c0/1e1904ddb0cb3d6cce7cd09e27a90184908b7a5d5c21b92e232c93579d314f0b83c246ffb035493d0504b1e9147ba2c9b21df0030f48673fba0496ecd698161f
  languageName: node
  linkType: hard

"ip-address@npm:^9.0.5":
  version: 9.0.5
  resolution: "ip-address@npm:9.0.5"
  dependencies:
    jsbn: "npm:1.1.0"
    sprintf-js: "npm:^1.1.3"
  checksum: 10c0/331cd07fafcb3b24100613e4b53e1a2b4feab11e671e655d46dc09ee233da5011284d09ca40c4ecbdfe1d0004f462958675c224a804259f2f78d2465a87824bc
  languageName: node
  linkType: hard

"is-fullwidth-code-point@npm:^3.0.0":
  version: 3.0.0
  resolution: "is-fullwidth-code-point@npm:3.0.0"
  checksum: 10c0/bb11d825e049f38e04c06373a8d72782eee0205bda9d908cc550ccb3c59b99d750ff9537982e01733c1c94a58e35400661f57042158ff5e8f3e90cf936daf0fc
  languageName: node
  linkType: hard

"is-lambda@npm:^1.0.1":
  version: 1.0.1
  resolution: "is-lambda@npm:1.0.1"
  checksum: 10c0/85fee098ae62ba6f1e24cf22678805473c7afd0fb3978a3aa260e354cb7bcb3a5806cf0a98403188465efedec41ab4348e8e4e79305d409601323855b3839d4d
  languageName: node
  linkType: hard

"is-running@npm:^2.1.0":
  version: 2.1.0
  resolution: "is-running@npm:2.1.0"
  checksum: 10c0/3caf610508336e7b4d3f63323138ea479f38b7f74c9318254c6c999e06cc9f9bc23727183bb103a3564d517c0b3b9ac057768b3a681c6a63a246089c3ac01c8b
  languageName: node
  linkType: hard

"isexe@npm:^2.0.0":
  version: 2.0.0
  resolution: "isexe@npm:2.0.0"
  checksum: 10c0/228cfa503fadc2c31596ab06ed6aa82c9976eec2bfd83397e7eaf06d0ccf42cd1dfd6743bf9aeb01aebd4156d009994c5f76ea898d2832c1fe342da923ca457d
  languageName: node
  linkType: hard

"isexe@npm:^3.1.1":
  version: 3.1.1
  resolution: "isexe@npm:3.1.1"
  checksum: 10c0/9ec257654093443eb0a528a9c8cbba9c0ca7616ccb40abd6dde7202734d96bb86e4ac0d764f0f8cd965856aacbff2f4ce23e730dc19dfb41e3b0d865ca6fdcc7
  languageName: node
  linkType: hard

"jackspeak@npm:^3.1.2":
  version: 3.4.3
  resolution: "jackspeak@npm:3.4.3"
  dependencies:
    "@isaacs/cliui": "npm:^8.0.2"
    "@pkgjs/parseargs": "npm:^0.11.0"
  dependenciesMeta:
    "@pkgjs/parseargs":
      optional: true
  checksum: 10c0/6acc10d139eaefdbe04d2f679e6191b3abf073f111edf10b1de5302c97ec93fffeb2fdd8681ed17f16268aa9dd4f8c588ed9d1d3bffbbfa6e8bf897cbb3149b9
  languageName: node
  linkType: hard

"jsbn@npm:1.1.0":
  version: 1.1.0
  resolution: "jsbn@npm:1.1.0"
  checksum: 10c0/4f907fb78d7b712e11dea8c165fe0921f81a657d3443dde75359ed52eb2b5d33ce6773d97985a089f09a65edd80b11cb75c767b57ba47391fee4c969f7215c96
  languageName: node
  linkType: hard

"lru-cache@npm:^10.0.1, lru-cache@npm:^10.2.0":
  version: 10.4.3
  resolution: "lru-cache@npm:10.4.3"
  checksum: 10c0/ebd04fbca961e6c1d6c0af3799adcc966a1babe798f685bb84e6599266599cd95d94630b10262f5424539bc4640107e8a33aa28585374abf561d30d16f4b39fb
  languageName: node
  linkType: hard

"make-fetch-happen@npm:^13.0.0":
  version: 13.0.1
  resolution: "make-fetch-happen@npm:13.0.1"
  dependencies:
    "@npmcli/agent": "npm:^2.0.0"
    cacache: "npm:^18.0.0"
    http-cache-semantics: "npm:^4.1.1"
    is-lambda: "npm:^1.0.1"
    minipass: "npm:^7.0.2"
    minipass-fetch: "npm:^3.0.0"
    minipass-flush: "npm:^1.0.5"
    minipass-pipeline: "npm:^1.2.4"
    negotiator: "npm:^0.6.3"
    proc-log: "npm:^4.2.0"
    promise-retry: "npm:^2.0.1"
    ssri: "npm:^10.0.0"
  checksum: 10c0/df5f4dbb6d98153b751bccf4dc4cc500de85a96a9331db9805596c46aa9f99d9555983954e6c1266d9f981ae37a9e4647f42b9a4bb5466f867f4012e582c9e7e
  languageName: node
  linkType: hard

"minimatch@npm:^9.0.4":
  version: 9.0.5
  resolution: "minimatch@npm:9.0.5"
  dependencies:
    brace-expansion: "npm:^2.0.1"
  checksum: 10c0/de96cf5e35bdf0eab3e2c853522f98ffbe9a36c37797778d2665231ec1f20a9447a7e567cb640901f89e4daaa95ae5d70c65a9e8aa2bb0019b6facbc3c0575ed
  languageName: node
  linkType: hard

"minipass-collect@npm:^2.0.1":
  version: 2.0.1
  resolution: "minipass-collect@npm:2.0.1"
  dependencies:
    minipass: "npm:^7.0.3"
  checksum: 10c0/5167e73f62bb74cc5019594709c77e6a742051a647fe9499abf03c71dca75515b7959d67a764bdc4f8b361cf897fbf25e2d9869ee039203ed45240f48b9aa06e
  languageName: node
  linkType: hard

"minipass-fetch@npm:^3.0.0":
  version: 3.0.5
  resolution: "minipass-fetch@npm:3.0.5"
  dependencies:
    encoding: "npm:^0.1.13"
    minipass: "npm:^7.0.3"
    minipass-sized: "npm:^1.0.3"
    minizlib: "npm:^2.1.2"
  dependenciesMeta:
    encoding:
      optional: true
  checksum: 10c0/9d702d57f556274286fdd97e406fc38a2f5c8d15e158b498d7393b1105974b21249289ec571fa2b51e038a4872bfc82710111cf75fae98c662f3d6f95e72152b
  languageName: node
  linkType: hard

"minipass-flush@npm:^1.0.5":
  version: 1.0.5
  resolution: "minipass-flush@npm:1.0.5"
  dependencies:
    minipass: "npm:^3.0.0"
  checksum: 10c0/2a51b63feb799d2bb34669205eee7c0eaf9dce01883261a5b77410c9408aa447e478efd191b4de6fc1101e796ff5892f8443ef20d9544385819093dbb32d36bd
  languageName: node
  linkType: hard

"minipass-pipeline@npm:^1.2.4":
  version: 1.2.4
  resolution: "minipass-pipeline@npm:1.2.4"
  dependencies:
    minipass: "npm:^3.0.0"
  checksum: 10c0/cbda57cea20b140b797505dc2cac71581a70b3247b84480c1fed5ca5ba46c25ecc25f68bfc9e6dcb1a6e9017dab5c7ada5eab73ad4f0a49d84e35093e0c643f2
  languageName: node
  linkType: hard

"minipass-sized@npm:^1.0.3":
  version: 1.0.3
  resolution: "minipass-sized@npm:1.0.3"
  dependencies:
    minipass: "npm:^3.0.0"
  checksum: 10c0/298f124753efdc745cfe0f2bdfdd81ba25b9f4e753ca4a2066eb17c821f25d48acea607dfc997633ee5bf7b6dfffb4eee4f2051eb168663f0b99fad2fa4829cb
  languageName: node
  linkType: hard

"minipass@npm:^3.0.0":
  version: 3.3.6
  resolution: "minipass@npm:3.3.6"
  dependencies:
    yallist: "npm:^4.0.0"
  checksum: 10c0/a114746943afa1dbbca8249e706d1d38b85ed1298b530f5808ce51f8e9e941962e2a5ad2e00eae7dd21d8a4aae6586a66d4216d1a259385e9d0358f0c1eba16c
  languageName: node
  linkType: hard

"minipass@npm:^5.0.0":
  version: 5.0.0
  resolution: "minipass@npm:5.0.0"
  checksum: 10c0/a91d8043f691796a8ac88df039da19933ef0f633e3d7f0d35dcd5373af49131cf2399bfc355f41515dc495e3990369c3858cd319e5c2722b4753c90bf3152462
  languageName: node
  linkType: hard

"minipass@npm:^5.0.0 || ^6.0.2 || ^7.0.0, minipass@npm:^7.0.2, minipass@npm:^7.0.3, minipass@npm:^7.1.2":
  version: 7.1.2
  resolution: "minipass@npm:7.1.2"
  checksum: 10c0/b0fd20bb9fb56e5fa9a8bfac539e8915ae07430a619e4b86ff71f5fc757ef3924b23b2c4230393af1eda647ed3d75739e4e0acb250a6b1eb277cf7f8fe449557
  languageName: node
  linkType: hard

"minizlib@npm:^2.1.1, minizlib@npm:^2.1.2":
  version: 2.1.2
  resolution: "minizlib@npm:2.1.2"
  dependencies:
    minipass: "npm:^3.0.0"
    yallist: "npm:^4.0.0"
  checksum: 10c0/64fae024e1a7d0346a1102bb670085b17b7f95bf6cfdf5b128772ec8faf9ea211464ea4add406a3a6384a7d87a0cd1a96263692134323477b4fb43659a6cab78
  languageName: node
  linkType: hard

"mkdirp@npm:^1.0.3":
  version: 1.0.4
  resolution: "mkdirp@npm:1.0.4"
  bin:
    mkdirp: bin/cmd.js
  checksum: 10c0/46ea0f3ffa8bc6a5bc0c7081ffc3907777f0ed6516888d40a518c5111f8366d97d2678911ad1a6882bf592fa9de6c784fea32e1687bb94e1f4944170af48a5cf
  languageName: node
  linkType: hard

"ms@npm:2.1.2":
  version: 2.1.2
  resolution: "ms@npm:2.1.2"
  checksum: 10c0/a437714e2f90dbf881b5191d35a6db792efbca5badf112f87b9e1c712aace4b4b9b742dd6537f3edf90fd6f684de897cec230abde57e87883766712ddda297cc
  languageName: node
  linkType: hard

"ms@npm:^2.1.3":
  version: 2.1.3
  resolution: "ms@npm:2.1.3"
  checksum: 10c0/d924b57e7312b3b63ad21fc5b3dc0af5e78d61a1fc7cfb5457edaf26326bf62be5307cc87ffb6862ef1c2b33b0233cdb5d4f01c4c958cc0d660948b65a287a48
  languageName: node
  linkType: hard

"nanotimer@npm:^0.3.15":
  version: 0.3.15
  resolution: "nanotimer@npm:0.3.15"
  checksum: 10c0/b774d0e6ae72b4a7a0277136c58884ce1e0f47f109b177a9b24a4cc77500f063e4b05642b465f733bb4d5594005aec5ef3a54ff7a85d15d7de9b24bd3074cc2e
  languageName: node
  linkType: hard

"negotiator@npm:^0.6.3":
  version: 0.6.3
  resolution: "negotiator@npm:0.6.3"
  checksum: 10c0/3ec9fd413e7bf071c937ae60d572bc67155262068ed522cf4b3be5edbe6ddf67d095ec03a3a14ebf8fc8e95f8e1d61be4869db0dbb0de696f6b837358bd43fc2
  languageName: node
  linkType: hard

"node-addon-api@npm:^6.1.0":
  version: 6.1.0
  resolution: "node-addon-api@npm:6.1.0"
  dependencies:
    node-gyp: "npm:latest"
  checksum: 10c0/d2699c4ad15740fd31482a3b6fca789af7723ab9d393adc6ac45250faaee72edad8f0b10b2b9d087df0de93f1bdc16d97afdd179b26b9ebc9ed68b569faa4bac
  languageName: node
  linkType: hard

"node-gyp@npm:^10.1.0":
  version: 10.3.1
  resolution: "node-gyp@npm:10.3.1"
  dependencies:
    env-paths: "npm:^2.2.0"
    exponential-backoff: "npm:^3.1.1"
    glob: "npm:^10.3.10"
    graceful-fs: "npm:^4.2.6"
    make-fetch-happen: "npm:^13.0.0"
    nopt: "npm:^7.0.0"
    proc-log: "npm:^4.1.0"
    semver: "npm:^7.3.5"
    tar: "npm:^6.2.1"
    which: "npm:^4.0.0"
  bin:
    node-gyp: bin/node-gyp.js
  checksum: 10c0/87c3b50e1f6f5256b5d2879a8c064eefa53ed444bad2a20870be43bc189db7cbffe22c30af056046c6d904181d73881b1726fd391d2f6f79f89b991019f195ea
  languageName: node
  linkType: hard

"node-gyp@npm:latest":
  version: 10.2.0
  resolution: "node-gyp@npm:10.2.0"
  dependencies:
    env-paths: "npm:^2.2.0"
    exponential-backoff: "npm:^3.1.1"
    glob: "npm:^10.3.10"
    graceful-fs: "npm:^4.2.6"
    make-fetch-happen: "npm:^13.0.0"
    nopt: "npm:^7.0.0"
    proc-log: "npm:^4.1.0"
    semver: "npm:^7.3.5"
    tar: "npm:^6.2.1"
    which: "npm:^4.0.0"
  bin:
    node-gyp: bin/node-gyp.js
  checksum: 10c0/00630d67dbd09a45aee0a5d55c05e3916ca9e6d427ee4f7bc392d2d3dc5fad7449b21fc098dd38260a53d9dcc9c879b36704a1994235d4707e7271af7e9a835b
  languageName: node
  linkType: hard

"nopt@npm:^7.0.0":
  version: 7.2.1
  resolution: "nopt@npm:7.2.1"
  dependencies:
    abbrev: "npm:^2.0.0"
  bin:
    nopt: bin/nopt.js
  checksum: 10c0/a069c7c736767121242037a22a788863accfa932ab285a1eb569eb8cd534b09d17206f68c37f096ae785647435e0c5a5a0a67b42ec743e481a455e5ae6a6df81
  languageName: node
  linkType: hard

"p-finally@npm:^1.0.0":
  version: 1.0.0
  resolution: "p-finally@npm:1.0.0"
  checksum: 10c0/6b8552339a71fe7bd424d01d8451eea92d379a711fc62f6b2fe64cad8a472c7259a236c9a22b4733abca0b5666ad503cb497792a0478c5af31ded793d00937e7
  languageName: node
  linkType: hard

"p-lazy@npm:^3.1.0":
  version: 3.1.0
  resolution: "p-lazy@npm:3.1.0"
  checksum: 10c0/8ce2dbced5b01f15ca7d8387c56c057ebc97aa6b79d95ee0cbf91ca0b22e2bebffde944f893bf7bbb020fbde5729ef09d00a5d30b7f7907a42d8aa74b2acf359
  languageName: node
  linkType: hard

"p-map@npm:^4.0.0":
  version: 4.0.0
  resolution: "p-map@npm:4.0.0"
  dependencies:
    aggregate-error: "npm:^3.0.0"
  checksum: 10c0/592c05bd6262c466ce269ff172bb8de7c6975afca9b50c975135b974e9bdaafbfe80e61aaaf5be6d1200ba08b30ead04b88cfa7e25ff1e3b93ab28c9f62a2c75
  languageName: node
  linkType: hard

"p-queue@npm:^6.6.2":
  version: 6.6.2
  resolution: "p-queue@npm:6.6.2"
  dependencies:
    eventemitter3: "npm:^4.0.4"
    p-timeout: "npm:^3.2.0"
  checksum: 10c0/5739ecf5806bbeadf8e463793d5e3004d08bb3f6177bd1a44a005da8fd81bb90f80e4633e1fb6f1dfd35ee663a5c0229abe26aebb36f547ad5a858347c7b0d3e
  languageName: node
  linkType: hard

"p-timeout@npm:^3.2.0":
  version: 3.2.0
  resolution: "p-timeout@npm:3.2.0"
  dependencies:
    p-finally: "npm:^1.0.0"
  checksum: 10c0/524b393711a6ba8e1d48137c5924749f29c93d70b671e6db761afa784726572ca06149c715632da8f70c090073afb2af1c05730303f915604fd38ee207b70a61
  languageName: node
  linkType: hard

"package-json-from-dist@npm:^1.0.0":
  version: 1.0.0
  resolution: "package-json-from-dist@npm:1.0.0"
  checksum: 10c0/e3ffaf6ac1040ab6082a658230c041ad14e72fabe99076a2081bb1d5d41210f11872403fc09082daf4387fc0baa6577f96c9c0e94c90c394fd57794b66aa4033
  languageName: node
  linkType: hard

"path-key@npm:^3.1.0":
  version: 3.1.1
  resolution: "path-key@npm:3.1.1"
  checksum: 10c0/748c43efd5a569c039d7a00a03b58eecd1d75f3999f5a28303d75f521288df4823bc057d8784eb72358b2895a05f29a070bc9f1f17d28226cc4e62494cc58c4c
  languageName: node
  linkType: hard

"path-scurry@npm:^1.11.1":
  version: 1.11.1
  resolution: "path-scurry@npm:1.11.1"
  dependencies:
    lru-cache: "npm:^10.2.0"
    minipass: "npm:^5.0.0 || ^6.0.2 || ^7.0.0"
  checksum: 10c0/32a13711a2a505616ae1cc1b5076801e453e7aae6ac40ab55b388bb91b9d0547a52f5aaceff710ea400205f18691120d4431e520afbe4266b836fadede15872d
  languageName: node
  linkType: hard

"pkg-prebuilds@npm:^1.0.0":
  version: 1.0.0
  resolution: "pkg-prebuilds@npm:1.0.0"
  dependencies:
    yargs: "npm:^17.7.2"
  bin:
    pkg-prebuilds-copy: bin/copy.mjs
    pkg-prebuilds-verify: bin/verify.mjs
  checksum: 10c0/a955b097d3693216c06015fe03ae5866da5f1d2ec6a75971194e3cf5c342e1fdde27786bf0cce85814183cd98aecaf732ae1373fc2389a576daca2f3375661ae
  languageName: node
  linkType: hard

"proc-log@npm:^4.1.0, proc-log@npm:^4.2.0":
  version: 4.2.0
  resolution: "proc-log@npm:4.2.0"
  checksum: 10c0/17db4757c2a5c44c1e545170e6c70a26f7de58feb985091fb1763f5081cab3d01b181fb2dd240c9f4a4255a1d9227d163d5771b7e69c9e49a561692db865efb9
  languageName: node
  linkType: hard

"promise-retry@npm:^2.0.1":
  version: 2.0.1
  resolution: "promise-retry@npm:2.0.1"
  dependencies:
    err-code: "npm:^2.0.2"
    retry: "npm:^0.12.0"
  checksum: 10c0/9c7045a1a2928094b5b9b15336dcd2a7b1c052f674550df63cc3f36cd44028e5080448175b6f6ca32b642de81150f5e7b1a98b728f15cb069f2dd60ac2616b96
  languageName: node
  linkType: hard

"require-directory@npm:^2.1.1":
  version: 2.1.1
  resolution: "require-directory@npm:2.1.1"
  checksum: 10c0/83aa76a7bc1531f68d92c75a2ca2f54f1b01463cb566cf3fbc787d0de8be30c9dbc211d1d46be3497dac5785fe296f2dd11d531945ac29730643357978966e99
  languageName: node
  linkType: hard

"retry@npm:^0.12.0":
  version: 0.12.0
  resolution: "retry@npm:0.12.0"
  checksum: 10c0/59933e8501727ba13ad73ef4a04d5280b3717fd650408460c987392efe9d7be2040778ed8ebe933c5cbd63da3dcc37919c141ef8af0a54a6e4fca5a2af177bfe
  languageName: node
  linkType: hard

"safer-buffer@npm:>= 2.1.2 < 3.0.0":
  version: 2.1.2
  resolution: "safer-buffer@npm:2.1.2"
  checksum: 10c0/7e3c8b2e88a1841c9671094bbaeebd94448111dd90a81a1f606f3f67708a6ec57763b3b47f06da09fc6054193e0e6709e77325415dc8422b04497a8070fa02d4
  languageName: node
  linkType: hard

"semver@npm:^7.3.5":
  version: 7.6.3
  resolution: "semver@npm:7.6.3"
  bin:
    semver: bin/semver.js
  checksum: 10c0/88f33e148b210c153873cb08cfe1e281d518aaa9a666d4d148add6560db5cd3c582f3a08ccb91f38d5f379ead256da9931234ed122057f40bb5766e65e58adaf
  languageName: node
  linkType: hard

"shebang-command@npm:^2.0.0":
  version: 2.0.0
  resolution: "shebang-command@npm:2.0.0"
  dependencies:
    shebang-regex: "npm:^3.0.0"
  checksum: 10c0/a41692e7d89a553ef21d324a5cceb5f686d1f3c040759c50aab69688634688c5c327f26f3ecf7001ebfd78c01f3c7c0a11a7c8bfd0a8bc9f6240d4f40b224e4e
  languageName: node
  linkType: hard

"shebang-regex@npm:^3.0.0":
  version: 3.0.0
  resolution: "shebang-regex@npm:3.0.0"
  checksum: 10c0/1dbed0726dd0e1152a92696c76c7f06084eb32a90f0528d11acd764043aacf76994b2fb30aa1291a21bd019d6699164d048286309a278855ee7bec06cf6fb690
  languageName: node
  linkType: hard

"signal-exit@npm:^4.0.1":
  version: 4.1.0
  resolution: "signal-exit@npm:4.1.0"
  checksum: 10c0/41602dce540e46d599edba9d9860193398d135f7ff72cab629db5171516cfae628d21e7bfccde1bbfdf11c48726bc2a6d1a8fb8701125852fbfda7cf19c6aa83
  languageName: node
  linkType: hard

"smart-buffer@npm:^4.2.0":
  version: 4.2.0
  resolution: "smart-buffer@npm:4.2.0"
  checksum: 10c0/a16775323e1404dd43fabafe7460be13a471e021637bc7889468eb45ce6a6b207261f454e4e530a19500cc962c4cc5348583520843b363f4193cee5c00e1e539
  languageName: node
  linkType: hard

"socks-proxy-agent@npm:^8.0.3":
  version: 8.0.4
  resolution: "socks-proxy-agent@npm:8.0.4"
  dependencies:
    agent-base: "npm:^7.1.1"
    debug: "npm:^4.3.4"
    socks: "npm:^2.8.3"
  checksum: 10c0/345593bb21b95b0508e63e703c84da11549f0a2657d6b4e3ee3612c312cb3a907eac10e53b23ede3557c6601d63252103494caa306b66560f43af7b98f53957a
  languageName: node
  linkType: hard

"socks@npm:^2.8.3":
  version: 2.8.3
  resolution: "socks@npm:2.8.3"
  dependencies:
    ip-address: "npm:^9.0.5"
    smart-buffer: "npm:^4.2.0"
  checksum: 10c0/d54a52bf9325165770b674a67241143a3d8b4e4c8884560c4e0e078aace2a728dffc7f70150660f51b85797c4e1a3b82f9b7aa25e0a0ceae1a243365da5c51a7
  languageName: node
  linkType: hard

"sprintf-js@npm:^1.1.3":
  version: 1.1.3
  resolution: "sprintf-js@npm:1.1.3"
  checksum: 10c0/09270dc4f30d479e666aee820eacd9e464215cdff53848b443964202bf4051490538e5dd1b42e1a65cf7296916ca17640aebf63dae9812749c7542ee5f288dec
  languageName: node
  linkType: hard

"ssri@npm:^10.0.0":
  version: 10.0.6
  resolution: "ssri@npm:10.0.6"
  dependencies:
    minipass: "npm:^7.0.3"
  checksum: 10c0/e5a1e23a4057a86a97971465418f22ea89bd439ac36ade88812dd920e4e61873e8abd6a9b72a03a67ef50faa00a2daf1ab745c5a15b46d03e0544a0296354227
  languageName: node
  linkType: hard

"string-width-cjs@npm:string-width@^4.2.0, string-width@npm:^4.1.0, string-width@npm:^4.2.0, string-width@npm:^4.2.3":
  version: 4.2.3
  resolution: "string-width@npm:4.2.3"
  dependencies:
    emoji-regex: "npm:^8.0.0"
    is-fullwidth-code-point: "npm:^3.0.0"
    strip-ansi: "npm:^6.0.1"
  checksum: 10c0/1e525e92e5eae0afd7454086eed9c818ee84374bb80328fc41217ae72ff5f065ef1c9d7f72da41de40c75fa8bb3dee63d92373fd492c84260a552c636392a47b
  languageName: node
  linkType: hard

"string-width@npm:^5.0.1, string-width@npm:^5.1.2":
  version: 5.1.2
  resolution: "string-width@npm:5.1.2"
  dependencies:
    eastasianwidth: "npm:^0.2.0"
    emoji-regex: "npm:^9.2.2"
    strip-ansi: "npm:^7.0.1"
  checksum: 10c0/ab9c4264443d35b8b923cbdd513a089a60de339216d3b0ed3be3ba57d6880e1a192b70ae17225f764d7adbf5994e9bb8df253a944736c15a0240eff553c678ca
  languageName: node
  linkType: hard

"strip-ansi-cjs@npm:strip-ansi@^6.0.1, strip-ansi@npm:^6.0.0, strip-ansi@npm:^6.0.1":
  version: 6.0.1
  resolution: "strip-ansi@npm:6.0.1"
  dependencies:
    ansi-regex: "npm:^5.0.1"
  checksum: 10c0/1ae5f212a126fe5b167707f716942490e3933085a5ff6c008ab97ab2f272c8025d3aa218b7bd6ab25729ca20cc81cddb252102f8751e13482a5199e873680952
  languageName: node
  linkType: hard

"strip-ansi@npm:^7.0.1":
  version: 7.1.0
  resolution: "strip-ansi@npm:7.1.0"
  dependencies:
    ansi-regex: "npm:^6.0.1"
  checksum: 10c0/a198c3762e8832505328cbf9e8c8381de14a4fa50a4f9b2160138158ea88c0f5549fb50cb13c651c3088f47e63a108b34622ec18c0499b6c8c3a5ddf6b305ac4
  languageName: node
  linkType: hard

"tally@workspace:.":
  version: 0.0.0-use.local
  resolution: "tally@workspace:."
  dependencies:
    "@types/node": "npm:^22.13.8"
    atem-connection: "npm:~3.5.0"
    typescript: "npm:^5.8.2"
  languageName: unknown
  linkType: soft

"tar@npm:^6.1.11, tar@npm:^6.2.1":
  version: 6.2.1
  resolution: "tar@npm:6.2.1"
  dependencies:
    chownr: "npm:^2.0.0"
    fs-minipass: "npm:^2.0.0"
    minipass: "npm:^5.0.0"
    minizlib: "npm:^2.1.1"
    mkdirp: "npm:^1.0.3"
    yallist: "npm:^4.0.0"
  checksum: 10c0/a5eca3eb50bc11552d453488344e6507156b9193efd7635e98e867fab275d527af53d8866e2370cd09dfe74378a18111622ace35af6a608e5223a7d27fe99537
  languageName: node
  linkType: hard

"threadedclass@npm:^1.2.1":
  version: 1.2.2
  resolution: "threadedclass@npm:1.2.2"
  dependencies:
    callsites: "npm:^3.1.0"
    eventemitter3: "npm:^4.0.4"
    is-running: "npm:^2.1.0"
    tslib: "npm:^1.13.0"
  checksum: 10c0/5fc7d859f30d95fd28f2aa4e35106ad573af7c0c1dd51dffb5167b64e3402ef40eef5054e0d47ab2c41a6bb3de15646e5d4fdf59d41e788aed9143ea952dcc7d
  languageName: node
  linkType: hard

"tslib@npm:^1.13.0":
  version: 1.14.1
  resolution: "tslib@npm:1.14.1"
  checksum: 10c0/69ae09c49eea644bc5ebe1bca4fa4cc2c82b7b3e02f43b84bd891504edf66dbc6b2ec0eef31a957042de2269139e4acff911e6d186a258fb14069cd7f6febce2
  languageName: node
  linkType: hard

"tslib@npm:^2.6.2":
  version: 2.8.1
  resolution: "tslib@npm:2.8.1"
  checksum: 10c0/9c4759110a19c53f992d9aae23aac5ced636e99887b51b9e61def52611732872ff7668757d4e4c61f19691e36f4da981cd9485e869b4a7408d689f6bf1f14e62
  languageName: node
  linkType: hard

"twos-complement-buffer@npm:0.0.1":
  version: 0.0.1
  resolution: "twos-complement-buffer@npm:0.0.1"
  dependencies:
    uint-buffer: "npm:^0.1.0"
  checksum: 10c0/c5bfe0021f6c0955b40002ae85582b2ac2a3bb71e75f0d5ec995ce1afae22f4595da78a643d419093283d5c38ba6b9098a27a62c38969dd08053c17da97a1319
  languageName: node
  linkType: hard

"typescript@npm:^5.8.2":
  version: 5.8.2
  resolution: "typescript@npm:5.8.2"
  bin:
    tsc: bin/tsc
    tsserver: bin/tsserver
  checksum: 10c0/5c4f6fbf1c6389b6928fe7b8fcd5dc73bb2d58cd4e3883f1d774ed5bd83b151cbac6b7ecf11723de56d4676daeba8713894b1e9af56174f2f9780ae7848ec3c6
  languageName: node
  linkType: hard

"typescript@patch:typescript@npm%3A^5.8.2#optional!builtin<compat/typescript>":
  version: 5.8.2
  resolution: "typescript@patch:typescript@npm%3A5.8.2#optional!builtin<compat/typescript>::version=5.8.2&hash=8c6c40"
  bin:
    tsc: bin/tsc
    tsserver: bin/tsserver
  checksum: 10c0/8a6cd29dfb59bd5a978407b93ae0edb530ee9376a5b95a42ad057a6f80ffb0c410489ccd6fe48d1d0dfad6e8adf5d62d3874bbd251f488ae30e11a1ce6dabd28
  languageName: node
  linkType: hard

"uint-buffer@npm:^0.1.0":
  version: 0.1.0
  resolution: "uint-buffer@npm:0.1.0"
  checksum: 10c0/bc36593e690f91066ef0da1b77de7a0d08f03f4cb917bdfeb31ccd227a7ae59373e7803713adbba3a76521ac806cd0e7893b2670681365812f0e3b5f71dfc0b6
  languageName: node
  linkType: hard

"undici-types@npm:~6.20.0":
  version: 6.20.0
  resolution: "undici-types@npm:6.20.0"
  checksum: 10c0/68e659a98898d6a836a9a59e6adf14a5d799707f5ea629433e025ac90d239f75e408e2e5ff086afc3cace26f8b26ee52155293564593fbb4a2f666af57fc59bf
  languageName: node
  linkType: hard

"unique-filename@npm:^3.0.0":
  version: 3.0.0
  resolution: "unique-filename@npm:3.0.0"
  dependencies:
    unique-slug: "npm:^4.0.0"
  checksum: 10c0/6363e40b2fa758eb5ec5e21b3c7fb83e5da8dcfbd866cc0c199d5534c42f03b9ea9ab069769cc388e1d7ab93b4eeef28ef506ab5f18d910ef29617715101884f
  languageName: node
  linkType: hard

"unique-slug@npm:^4.0.0":
  version: 4.0.0
  resolution: "unique-slug@npm:4.0.0"
  dependencies:
    imurmurhash: "npm:^0.1.4"
  checksum: 10c0/cb811d9d54eb5821b81b18205750be84cb015c20a4a44280794e915f5a0a70223ce39066781a354e872df3572e8155c228f43ff0cce94c7cbf4da2cc7cbdd635
  languageName: node
  linkType: hard

"utf8-buffer@npm:^0.2.0":
  version: 0.2.0
  resolution: "utf8-buffer@npm:0.2.0"
  checksum: 10c0/53a20895483a4db1a602dd68bfcfb5be8a67fef1b3609156a198ea4daebb39a306deacc266493822a74b2abca46533cd711ce4f13785c3aa042fba9ea3f9d4d5
  languageName: node
  linkType: hard

"wavefile@npm:^8.4.6":
  version: 8.4.6
  resolution: "wavefile@npm:8.4.6"
  dependencies:
    alawmulaw: "npm:^5.0.2"
    base64-arraybuffer-es6: "npm:^0.3.1"
    bitdepth: "npm:^7.0.2"
    byte-data: "npm:^16.0.3"
    imaadpcm: "npm:^4.1.2"
  bin:
    wavefile: ./bin/wavefile.js
  checksum: 10c0/8f82d4cbbe82fd6859c7aa96a273f7629d3b45c9e68112e6d3a4a04a1acb3ad485e166c15afb60b515031ba72837484dcb699265418e7ccf8220d3c6c725046f
  languageName: node
  linkType: hard

"which@npm:^2.0.1":
  version: 2.0.2
  resolution: "which@npm:2.0.2"
  dependencies:
    isexe: "npm:^2.0.0"
  bin:
    node-which: ./bin/node-which
  checksum: 10c0/66522872a768b60c2a65a57e8ad184e5372f5b6a9ca6d5f033d4b0dc98aff63995655a7503b9c0a2598936f532120e81dd8cc155e2e92ed662a2b9377cc4374f
  languageName: node
  linkType: hard

"which@npm:^4.0.0":
  version: 4.0.0
  resolution: "which@npm:4.0.0"
  dependencies:
    isexe: "npm:^3.1.1"
  bin:
    node-which: bin/which.js
  checksum: 10c0/449fa5c44ed120ccecfe18c433296a4978a7583bf2391c50abce13f76878d2476defde04d0f79db8165bdf432853c1f8389d0485ca6e8ebce3bbcded513d5e6a
  languageName: node
  linkType: hard

"wrap-ansi-cjs@npm:wrap-ansi@^7.0.0, wrap-ansi@npm:^7.0.0":
  version: 7.0.0
  resolution: "wrap-ansi@npm:7.0.0"
  dependencies:
    ansi-styles: "npm:^4.0.0"
    string-width: "npm:^4.1.0"
    strip-ansi: "npm:^6.0.0"
  checksum: 10c0/d15fc12c11e4cbc4044a552129ebc75ee3f57aa9c1958373a4db0292d72282f54373b536103987a4a7594db1ef6a4f10acf92978f79b98c49306a4b58c77d4da
  languageName: node
  linkType: hard

"wrap-ansi@npm:^8.1.0":
  version: 8.1.0
  resolution: "wrap-ansi@npm:8.1.0"
  dependencies:
    ansi-styles: "npm:^6.1.0"
    string-width: "npm:^5.0.1"
    strip-ansi: "npm:^7.0.1"
  checksum: 10c0/138ff58a41d2f877eae87e3282c0630fc2789012fc1af4d6bd626eeb9a2f9a65ca92005e6e69a75c7b85a68479fe7443c7dbe1eb8fbaa681a4491364b7c55c60
  languageName: node
  linkType: hard

"y18n@npm:^5.0.5":
  version: 5.0.8
  resolution: "y18n@npm:5.0.8"
  checksum: 10c0/4df2842c36e468590c3691c894bc9cdbac41f520566e76e24f59401ba7d8b4811eb1e34524d57e54bc6d864bcb66baab7ffd9ca42bf1eda596618f9162b91249
  languageName: node
  linkType: hard

"yallist@npm:^4.0.0":
  version: 4.0.0
  resolution: "yallist@npm:4.0.0"
  checksum: 10c0/2286b5e8dbfe22204ab66e2ef5cc9bbb1e55dfc873bbe0d568aa943eb255d131890dfd5bf243637273d31119b870f49c18fcde2c6ffbb7a7a092b870dc90625a
  languageName: node
  linkType: hard

"yargs-parser@npm:^21.1.1":
  version: 21.1.1
  resolution: "yargs-parser@npm:21.1.1"
  checksum: 10c0/f84b5e48169479d2f402239c59f084cfd1c3acc197a05c59b98bab067452e6b3ea46d4dd8ba2985ba7b3d32a343d77df0debd6b343e5dae3da2aab2cdf5886b2
  languageName: node
  linkType: hard

"yargs@npm:^17.7.2":
  version: 17.7.2
  resolution: "yargs@npm:17.7.2"
  dependencies:
    cliui: "npm:^8.0.1"
    escalade: "npm:^3.1.1"
    get-caller-file: "npm:^2.0.5"
    require-directory: "npm:^2.1.1"
    string-width: "npm:^4.2.3"
    y18n: "npm:^5.0.5"
    yargs-parser: "npm:^21.1.1"
  checksum: 10c0/ccd7e723e61ad5965fffbb791366db689572b80cca80e0f96aad968dfff4156cd7cd1ad18607afe1046d8241e6fb2d6c08bf7fa7bfb5eaec818735d8feac8f05
  languageName: node
  linkType: hard
